
Microsoft Visual Studio Solution File, Format Version 12.00
# Visual Studio Version 17
VisualStudioVersion = 17.11.35327.3
MinimumVisualStudioVersion = 10.0.40219.1
Project("{FAE04EC0-301F-11D3-BF4B-00C04F79EFBC}") = "COPIA-TP_INTEGRAL", "COPIA-TP_INTEGRAL\COPIA-TP_INTEGRAL.csproj", "{14684935-440D-4E28-8BD1-FA74812C8922}"
EndProject
Global
	GlobalSection(SolutionConfigurationPlatforms) = preSolution
		Debug|Any CPU = Debug|Any CPU
		Release|Any CPU = Release|Any CPU
	EndGlobalSection
	GlobalSection(ProjectConfigurationPlatforms) = postSolution
		{14684935-440D-4E28-8BD1-FA74812C8922}.Debug|Any CPU.ActiveCfg = Debug|Any CPU
		{14684935-440D-4E28-8BD1-FA74812C8922}.Debug|Any CPU.Build.0 = Debug|Any CPU
		{14684935-440D-4E28-8BD1-FA74812C8922}.Release|Any CPU.ActiveCfg = Release|Any CPU
		{14684935-440D-4E28-8BD1-FA74812C8922}.Release|Any CPU.Build.0 = Release|Any CPU
	EndGlobalSection
	GlobalSection(SolutionProperties) = preSolution
		HideSolutionNode = FALSE
	EndGlobalSection
	GlobalSection(ExtensibilityGlobals) = postSolution
		SolutionGuid = {162ADE68-E467-4F24-9F68-D7A813049277}
	EndGlobalSection
EndGlobal
